
Microsoft Visual Studio Solution File, Format Version 12.00
# Visual Studio 14
VisualStudioVersion = 14.0.24720.0
MinimumVisualStudioVersion = 10.0.40219.1
Project("{FAE04EC0-301F-11D3-BF4B-00C04F79EFBC}") = "BlurryWindowInvoker", "BlurryWindowInvoker\BlurryWindowInvoker.csproj", "{45BB0C52-3E7C-46CD-9CF5-411CE6A8E2AC}"
EndProject
Project("{FAE04EC0-301F-11D3-BF4B-00C04F79EFBC}") = "BlurryControls", "BlurryWindow\BlurryControls.csproj", "{D63B55BE-F2F9-4C99-BED1-0AF9770F428A}"
EndProject
Global
	GlobalSection(SolutionConfigurationPlatforms) = preSolution
		Debug|Any CPU = Debug|Any CPU
		Release|Any CPU = Release|Any CPU
	EndGlobalSection
	GlobalSection(ProjectConfigurationPlatforms) = postSolution
		{45BB0C52-3E7C-46CD-9CF5-411CE6A8E2AC}.Debug|Any CPU.ActiveCfg = Debug|Any CPU
		{45BB0C52-3E7C-46CD-9CF5-411CE6A8E2AC}.Debug|Any CPU.Build.0 = Debug|Any CPU
		{45BB0C52-3E7C-46CD-9CF5-411CE6A8E2AC}.Release|Any CPU.ActiveCfg = Release|Any CPU
		{45BB0C52-3E7C-46CD-9CF5-411CE6A8E2AC}.Release|Any CPU.Build.0 = Release|Any CPU
		{D63B55BE-F2F9-4C99-BED1-0AF9770F428A}.Debug|Any CPU.ActiveCfg = Debug|Any CPU
		{D63B55BE-F2F9-4C99-BED1-0AF9770F428A}.Debug|Any CPU.Build.0 = Debug|Any CPU
		{D63B55BE-F2F9-4C99-BED1-0AF9770F428A}.Release|Any CPU.ActiveCfg = Release|Any CPU
		{D63B55BE-F2F9-4C99-BED1-0AF9770F428A}.Release|Any CPU.Build.0 = Release|Any CPU
	EndGlobalSection
	GlobalSection(SolutionProperties) = preSolution
		HideSolutionNode = FALSE
	EndGlobalSection
EndGlobal
